{
    "_meta": {
        "hash": {
            "sha256": "7d06ad9777deb01c64f723021a8441fc98da1c1905505e7d7fb20ad282ec537c"
        },
        "pipfile-spec": 6,
        "requires": {
            "python_version": "3.7"
        },
        "sources": [
            {
                "name": "pypi",
                "url": "https://mirrors.aliyun.com/pypi/simple",
                "verify_ssl": true
            }
        ]
    },
    "default": {},
    "develop": {}
}
